
Microsoft Visual Studio Solution File, Format Version 12.00
# Visual Studio Version 17
VisualStudioVersion = 17.1.32421.90
MinimumVisualStudioVersion = 10.0.40219.1
Project("{FAE04EC0-301F-11D3-BF4B-00C04F79EFBC}") = "binaryConvertor", "binaryConvertor.csproj", "{AF3D0773-6FC9-434E-90DB-0BDBEF427694}"
EndProject
Global
	GlobalSection(SolutionConfigurationPlatforms) = preSolution
		Debug|Any CPU = Debug|Any CPU
		Release|Any CPU = Release|Any CPU
	EndGlobalSection
	GlobalSection(ProjectConfigurationPlatforms) = postSolution
		{AF3D0773-6FC9-434E-90DB-0BDBEF427694}.Debug|Any CPU.ActiveCfg = Debug|Any CPU
		{AF3D0773-6FC9-434E-90DB-0BDBEF427694}.Debug|Any CPU.Build.0 = Debug|Any CPU
		{AF3D0773-6FC9-434E-90DB-0BDBEF427694}.Release|Any CPU.ActiveCfg = Release|Any CPU
		{AF3D0773-6FC9-434E-90DB-0BDBEF427694}.Release|Any CPU.Build.0 = Release|Any CPU
	EndGlobalSection
	GlobalSection(SolutionProperties) = preSolution
		HideSolutionNode = FALSE
	EndGlobalSection
	GlobalSection(ExtensibilityGlobals) = postSolution
		SolutionGuid = {0C5C040C-4AB1-498E-B8D3-12514A516BB7}
	EndGlobalSection
EndGlobal
